Microsoft Visual Studio Solution File, Format Version 8.00
Project("{8BC9CEB8-8B4A-11D0-8D11-00A0C91BC942}") = "mt-daapd", "mt-daapd.vcproj", "{CB40C666-11D7-456B-B774-BCA42F675BB5}"
	ProjectSection(ProjectDependencies) = postProject
	EndProjectSection
EndProject
Project("{8BC9CEB8-8B4A-11D0-8D11-00A0C91BC942}") = "rsp", "rsp.vcproj", "{68CCEA19-503F-4894-8AE3-B1673FDEA920}"
	ProjectSection(ProjectDependencies) = postProject
	EndProjectSection
EndProject
Project("{8BC9CEB8-8B4A-11D0-8D11-00A0C91BC942}") = "w32-event", "w32-event.vcproj", "{E60F90F1-A1E5-49D8-A565-B990CA4BA860}"
	ProjectSection(ProjectDependencies) = postProject
	EndProjectSection
EndProject
Project("{8BC9CEB8-8B4A-11D0-8D11-00A0C91BC942}") = "ssc-ffmpeg", "ssc-ffmpeg.vcproj", "{DA27D6F4-7E9F-40CA-AC5C-480DC81A1C56}"
	ProjectSection(ProjectDependencies) = postProject
	EndProjectSection
EndProject
Project("{8BC9CEB8-8B4A-11D0-8D11-00A0C91BC942}") = "FireflyShell", "FireflyShell\FireflyShell.vcproj", "{ED38F171-854B-4EA3-B3A0-7681648969FC}"
	ProjectSection(ProjectDependencies) = postProject
	EndProjectSection
EndProject
Project("{8BC9CEB8-8B4A-11D0-8D11-00A0C91BC942}") = "ssc-wma", "ssc-wma\ssc-wma.vcproj", "{C1EF5133-DFB3-4FEC-B999-3655DBB14785}"
	ProjectSection(ProjectDependencies) = postProject
	EndProjectSection
EndProject
Global
	GlobalSection(SolutionConfiguration) = preSolution
		Debug = Debug
		Release = Release
	EndGlobalSection
	GlobalSection(ProjectConfiguration) = postSolution
		{CB40C666-11D7-456B-B774-BCA42F675BB5}.Debug.ActiveCfg = Debug|Win32
		{CB40C666-11D7-456B-B774-BCA42F675BB5}.Debug.Build.0 = Debug|Win32
		{CB40C666-11D7-456B-B774-BCA42F675BB5}.Release.ActiveCfg = Release|Win32
		{CB40C666-11D7-456B-B774-BCA42F675BB5}.Release.Build.0 = Release|Win32
		{68CCEA19-503F-4894-8AE3-B1673FDEA920}.Debug.ActiveCfg = Debug|Win32
		{68CCEA19-503F-4894-8AE3-B1673FDEA920}.Debug.Build.0 = Debug|Win32
		{68CCEA19-503F-4894-8AE3-B1673FDEA920}.Release.ActiveCfg = Release|Win32
		{68CCEA19-503F-4894-8AE3-B1673FDEA920}.Release.Build.0 = Release|Win32
		{E60F90F1-A1E5-49D8-A565-B990CA4BA860}.Debug.ActiveCfg = Debug|Win32
		{E60F90F1-A1E5-49D8-A565-B990CA4BA860}.Debug.Build.0 = Debug|Win32
		{E60F90F1-A1E5-49D8-A565-B990CA4BA860}.Release.ActiveCfg = Release|Win32
		{E60F90F1-A1E5-49D8-A565-B990CA4BA860}.Release.Build.0 = Release|Win32
		{DA27D6F4-7E9F-40CA-AC5C-480DC81A1C56}.Debug.ActiveCfg = Debug|Win32
		{DA27D6F4-7E9F-40CA-AC5C-480DC81A1C56}.Debug.Build.0 = Debug|Win32
		{DA27D6F4-7E9F-40CA-AC5C-480DC81A1C56}.Release.ActiveCfg = Release|Win32
		{DA27D6F4-7E9F-40CA-AC5C-480DC81A1C56}.Release.Build.0 = Release|Win32
		{ED38F171-854B-4EA3-B3A0-7681648969FC}.Debug.ActiveCfg = Debug|Win32
		{ED38F171-854B-4EA3-B3A0-7681648969FC}.Debug.Build.0 = Debug|Win32
		{ED38F171-854B-4EA3-B3A0-7681648969FC}.Release.ActiveCfg = Release|Win32
		{ED38F171-854B-4EA3-B3A0-7681648969FC}.Release.Build.0 = Release|Win32
		{C1EF5133-DFB3-4FEC-B999-3655DBB14785}.Debug.ActiveCfg = Debug|Win32
		{C1EF5133-DFB3-4FEC-B999-3655DBB14785}.Debug.Build.0 = Debug|Win32
		{C1EF5133-DFB3-4FEC-B999-3655DBB14785}.Release.ActiveCfg = Release|Win32
		{C1EF5133-DFB3-4FEC-B999-3655DBB14785}.Release.Build.0 = Release|Win32
	EndGlobalSection
	GlobalSection(ExtensibilityGlobals) = postSolution
	EndGlobalSection
	GlobalSection(ExtensibilityAddIns) = postSolution
	EndGlobalSection
EndGlobal
