// !$*UTF8*$!
{
	archiveVersion = 1;
	classes = {
	};
	objectVersion = 42;
	objects = {

/* Begin PBXBuildFile section */
		1061CA7B0A23A648002E88E0 /* OrgFireflyMediaServerPrefs.h in Headers */ = {isa = PBXBuildFile; fileRef = 1061CA790A23A648002E88E0 /* OrgFireflyMediaServerPrefs.h */; };
		1061CB530A266BAE002E88E0 /* FireflyLogo.png in Resources */ = {isa = PBXBuildFile; fileRef = 1061CB520A266BAE002E88E0 /* FireflyLogo.png */; };
		1062C6FB0A7554840003FC27 /* FireflyCommon.h in Headers */ = {isa = PBXBuildFile; fileRef = 1062C6FA0A7554840003FC27 /* FireflyCommon.h */; };
		1098819D0A704B3200F53ED9 /* firefly.conf in Resources */ = {isa = PBXBuildFile; fileRef = 1098819C0A704B3200F53ED9 /* firefly.conf */; };
		10B4B4030A34E3A9008238B7 /* OrgFireflyMediaServerPrefs.m in Sources */ = {isa = PBXBuildFile; fileRef = 10B4B4020A34E3A9008238B7 /* OrgFireflyMediaServerPrefs.m */; };
		10C78FE00A637CA900732D76 /* FireflyPrefsProtocol.h in Headers */ = {isa = PBXBuildFile; fileRef = 10C78FDF0A637CA900732D76 /* FireflyPrefsProtocol.h */; };
		10C7930B0A660CCA00732D76 /* Firefly Helper.app in Resources */ = {isa = PBXBuildFile; fileRef = 10C792B50A660CC900732D76 /* Firefly Helper.app */; };
		8D202CEA0486D31800D8A456 /* FireflyPrefs_Prefix.pch in Headers */ = {isa = PBXBuildFile; fileRef = 32DBCFA20370C41700C91783 /* FireflyPrefs_Prefix.pch */; };
		8D202CED0486D31800D8A456 /* InfoPlist.strings in Resources */ = {isa = PBXBuildFile; fileRef = 089C167DFE841241C02AAC07 /* InfoPlist.strings */; };
		8D202CEE0486D31800D8A456 /* FireflyPrefsPref.tiff in Resources */ = {isa = PBXBuildFile; fileRef = F506C040013D9D8001CA16C8 /* FireflyPrefsPref.tiff */; };
		8D202CEF0486D31800D8A456 /* FireflyPrefsPref.nib in Resources */ = {isa = PBXBuildFile; fileRef = F506C042013D9D8C01CA16C8 /* FireflyPrefsPref.nib */; };
		8D202CF30486D31800D8A456 /* Cocoa.framework in Frameworks */ = {isa = PBXBuildFile; fileRef = 1058C7ADFEA557BF11CA2CBB /* Cocoa.framework */; };
		8D202CF40486D31800D8A456 /* PreferencePanes.framework in Frameworks */ = {isa = PBXBuildFile; fileRef = F506C035013D953901CA16C8 /* PreferencePanes.framework */; };
		E439B8040B23DF3A00597AF1 /* Localizable.strings in Resources */ = {isa = PBXBuildFile; fileRef = E439B8020B23DF3A00597AF1 /* Localizable.strings */; };
/* End PBXBuildFile section */

/* Begin PBXBuildStyle section */
		E455CEBA0B23ABEA00D81FFE /* Development */ = {
			isa = PBXBuildStyle;
			buildSettings = {
				COPY_PHASE_STRIP = NO;
			};
			name = Development;
		};
		E455CEBB0B23ABEA00D81FFE /* Deployment */ = {
			isa = PBXBuildStyle;
			buildSettings = {
				COPY_PHASE_STRIP = YES;
			};
			name = Deployment;
		};
/* End PBXBuildStyle section */

/* Begin PBXFileReference section */
		089C1672FE841209C02AAC07 /* Foundation.framework */ = {isa = PBXFileReference; lastKnownFileType = wrapper.framework; name = Foundation.framework; path = /System/Library/Frameworks/Foundation.framework; sourceTree = "<absolute>"; };
		089C167EFE841241C02AAC07 /* English */ = {isa = PBXFileReference; fileEncoding = 10; lastKnownFileType = text.plist.strings; name = English; path = English.lproj/InfoPlist.strings; sourceTree = "<group>"; };
		089C167FFE841241C02AAC07 /* AppKit.framework */ = {isa = PBXFileReference; lastKnownFileType = wrapper.framework; name = AppKit.framework; path = /System/Library/Frameworks/AppKit.framework; sourceTree = "<absolute>"; };
		1058C7ADFEA557BF11CA2CBB /* Cocoa.framework */ = {isa = PBXFileReference; lastKnownFileType = wrapper.framework; name = Cocoa.framework; path = /System/Library/Frameworks/Cocoa.framework; sourceTree = "<absolute>"; };
		1061CA790A23A648002E88E0 /* OrgFireflyMediaServerPrefs.h */ = {isa = PBXFileReference; fileEncoding = 30; lastKnownFileType = sourcecode.c.h; path = OrgFireflyMediaServerPrefs.h; sourceTree = "<group>"; };
		1061CB520A266BAE002E88E0 /* FireflyLogo.png */ = {isa = PBXFileReference; lastKnownFileType = image.png; path = FireflyLogo.png; sourceTree = "<group>"; };
		1062C6FA0A7554840003FC27 /* FireflyCommon.h */ = {isa = PBXFileReference; fileEncoding = 30; lastKnownFileType = sourcecode.c.h; path = FireflyCommon.h; sourceTree = "<group>"; };
		1098819C0A704B3200F53ED9 /* firefly.conf */ = {isa = PBXFileReference; fileEncoding = 30; lastKnownFileType = text; path = firefly.conf; sourceTree = "<group>"; };
		10B4B4020A34E3A9008238B7 /* OrgFireflyMediaServerPrefs.m */ = {isa = PBXFileReference; fileEncoding = 30; lastKnownFileType = sourcecode.c.objc; path = OrgFireflyMediaServerPrefs.m; sourceTree = "<group>"; };
		10C78FDF0A637CA900732D76 /* FireflyPrefsProtocol.h */ = {isa = PBXFileReference; fileEncoding = 30; lastKnownFileType = sourcecode.c.h; name = FireflyPrefsProtocol.h; path = ../FireflyPrefsProtocol.h; sourceTree = "<group>"; };
		10C792B50A660CC900732D76 /* Firefly Helper.app */ = {isa = PBXFileReference; lastKnownFileType = wrapper.application; path = "Firefly Helper.app"; sourceTree = "<group>"; };
		32DBCFA20370C41700C91783 /* FireflyPrefs_Prefix.pch */ = {isa = PBXFileReference; fileEncoding = 4; lastKnownFileType = sourcecode.c.h; path = FireflyPrefs_Prefix.pch; sourceTree = "<group>"; };
		8D202CF70486D31800D8A456 /* Info.plist */ = {isa = PBXFileReference; fileEncoding = 4; lastKnownFileType = text.plist; path = Info.plist; sourceTree = "<group>"; };
		8D202CF80486D31800D8A456 /* Firefly.prefPane */ = {isa = PBXFileReference; explicitFileType = wrapper.cfbundle; includeInIndex = 0; path = Firefly.prefPane; sourceTree = BUILT_PRODUCTS_DIR; };
		E439B8030B23DF3A00597AF1 /* English */ = {isa = PBXFileReference; fileEncoding = 10; lastKnownFileType = text.plist.strings; name = English; path = English.lproj/Localizable.strings; sourceTree = "<group>"; };
		E44062AC0B253BA3003ADD6D /* French */ = {isa = PBXFileReference; lastKnownFileType = text.plist.strings; name = French; path = French.lproj/Localizable.strings; sourceTree = "<group>"; };
		E4BCD46F0B26970D009315B7 /* German */ = {isa = PBXFileReference; lastKnownFileType = text.plist.strings; name = German; path = German.lproj/Localizable.strings; sourceTree = "<group>"; };
		E4BCD4700B269713009315B7 /* Swedish */ = {isa = PBXFileReference; lastKnownFileType = text.plist.strings; name = Swedish; path = Swedish.lproj/Localizable.strings; sourceTree = "<group>"; };
		E4BCD4710B26972C009315B7 /* German */ = {isa = PBXFileReference; lastKnownFileType = wrapper.nib; name = German; path = German.lproj/FireflyPrefsPref.nib; sourceTree = "<group>"; };
		E4BCD4720B269730009315B7 /* Swedish */ = {isa = PBXFileReference; lastKnownFileType = wrapper.nib; name = Swedish; path = Swedish.lproj/FireflyPrefsPref.nib; sourceTree = "<group>"; };
		E4BCD4730B269740009315B7 /* German */ = {isa = PBXFileReference; lastKnownFileType = text.plist.strings; name = German; path = German.lproj/InfoPlist.strings; sourceTree = "<group>"; };
		E4BCD4740B269745009315B7 /* Swedish */ = {isa = PBXFileReference; lastKnownFileType = text.plist.strings; name = Swedish; path = Swedish.lproj/InfoPlist.strings; sourceTree = "<group>"; };
		E4CBBF9E0B253B190071ED51 /* French */ = {isa = PBXFileReference; lastKnownFileType = wrapper.nib; name = French; path = French.lproj/FireflyPrefsPref.nib; sourceTree = "<group>"; };
		E4CBBFA00B253B700071ED51 /* French */ = {isa = PBXFileReference; lastKnownFileType = text.plist.strings; name = French; path = French.lproj/InfoPlist.strings; sourceTree = "<group>"; };
		E4E741790B27E31E008281D7 /* Italian */ = {isa = PBXFileReference; lastKnownFileType = text.plist.strings; name = Italian; path = Italian.lproj/InfoPlist.strings; sourceTree = "<group>"; };
		E4E7417D0B27E333008281D7 /* Italian */ = {isa = PBXFileReference; lastKnownFileType = wrapper.nib; name = Italian; path = Italian.lproj/FireflyPrefsPref.nib; sourceTree = "<group>"; };
		E4E7417F0B27E35A008281D7 /* Italian */ = {isa = PBXFileReference; lastKnownFileType = text.plist.strings; name = Italian; path = Italian.lproj/Localizable.strings; sourceTree = "<group>"; };
		F506C035013D953901CA16C8 /* PreferencePanes.framework */ = {isa = PBXFileReference; lastKnownFileType = wrapper.framework; name = PreferencePanes.framework; path = /System/Library/Frameworks/PreferencePanes.framework; sourceTree = "<absolute>"; };
		F506C040013D9D8001CA16C8 /* FireflyPrefsPref.tiff */ = {isa = PBXFileReference; lastKnownFileType = image.tiff; path = FireflyPrefsPref.tiff; sourceTree = "<group>"; };
		F506C043013D9D8C01CA16C8 /* English */ = {isa = PBXFileReference; lastKnownFileType = wrapper.nib; name = English; path = English.lproj/FireflyPrefsPref.nib; sourceTree = "<group>"; };
/* End PBXFileReference section */

/* Begin PBXFrameworksBuildPhase section */
		8D202CF20486D31800D8A456 /* Frameworks */ = {
			isa = PBXFrameworksBuildPhase;
			buildActionMask = 2147483647;
			files = (
				8D202CF30486D31800D8A456 /* Cocoa.framework in Frameworks */,
				8D202CF40486D31800D8A456 /* PreferencePanes.framework in Frameworks */,
			);
			runOnlyForDeploymentPostprocessing = 0;
		};
/* End PBXFrameworksBuildPhase section */

/* Begin PBXGroup section */
		089C166AFE841209C02AAC07 /* FireflyPrefs */ = {
			isa = PBXGroup;
			children = (
				08FB77AFFE84173DC02AAC07 /* Classes */,
				32DBCFA10370C40200C91783 /* Other Sources */,
				089C167CFE841241C02AAC07 /* Resources */,
				089C1671FE841209C02AAC07 /* Frameworks and Libraries */,
				19C28FB8FE9D52D311CA2CBB /* Products */,
				E439B8020B23DF3A00597AF1 /* Localizable.strings */,
			);
			name = FireflyPrefs;
			sourceTree = "<group>";
		};
		089C1671FE841209C02AAC07 /* Frameworks and Libraries */ = {
			isa = PBXGroup;
			children = (
				1058C7ACFEA557BF11CA2CBB /* Linked Frameworks */,
				1058C7AEFEA557BF11CA2CBB /* Other Frameworks */,
			);
			name = "Frameworks and Libraries";
			sourceTree = "<group>";
		};
		089C167CFE841241C02AAC07 /* Resources */ = {
			isa = PBXGroup;
			children = (
				10C792B50A660CC900732D76 /* Firefly Helper.app */,
				1098819C0A704B3200F53ED9 /* firefly.conf */,
				8D202CF70486D31800D8A456 /* Info.plist */,
				089C167DFE841241C02AAC07 /* InfoPlist.strings */,
				F506C040013D9D8001CA16C8 /* FireflyPrefsPref.tiff */,
				F506C042013D9D8C01CA16C8 /* FireflyPrefsPref.nib */,
				1061CB520A266BAE002E88E0 /* FireflyLogo.png */,
			);
			name = Resources;
			sourceTree = "<group>";
		};
		08FB77AFFE84173DC02AAC07 /* Classes */ = {
			isa = PBXGroup;
			children = (
				1062C6FA0A7554840003FC27 /* FireflyCommon.h */,
				10C78FDF0A637CA900732D76 /* FireflyPrefsProtocol.h */,
				10B4B4020A34E3A9008238B7 /* OrgFireflyMediaServerPrefs.m */,
				1061CA790A23A648002E88E0 /* OrgFireflyMediaServerPrefs.h */,
			);
			name = Classes;
			sourceTree = "<group>";
		};
		1058C7ACFEA557BF11CA2CBB /* Linked Frameworks */ = {
			isa = PBXGroup;
			children = (
				1058C7ADFEA557BF11CA2CBB /* Cocoa.framework */,
				F506C035013D953901CA16C8 /* PreferencePanes.framework */,
			);
			name = "Linked Frameworks";
			sourceTree = "<group>";
		};
		1058C7AEFEA557BF11CA2CBB /* Other Frameworks */ = {
			isa = PBXGroup;
			children = (
				089C1672FE841209C02AAC07 /* Foundation.framework */,
				089C167FFE841241C02AAC07 /* AppKit.framework */,
			);
			name = "Other Frameworks";
			sourceTree = "<group>";
		};
		19C28FB8FE9D52D311CA2CBB /* Products */ = {
			isa = PBXGroup;
			children = (
				8D202CF80486D31800D8A456 /* Firefly.prefPane */,
			);
			name = Products;
			sourceTree = "<group>";
		};
		32DBCFA10370C40200C91783 /* Other Sources */ = {
			isa = PBXGroup;
			children = (
				32DBCFA20370C41700C91783 /* FireflyPrefs_Prefix.pch */,
			);
			name = "Other Sources";
			sourceTree = "<group>";
		};
/* End PBXGroup section */

/* Begin PBXHeadersBuildPhase section */
		8D202CE90486D31800D8A456 /* Headers */ = {
			isa = PBXHeadersBuildPhase;
			buildActionMask = 2147483647;
			files = (
				8D202CEA0486D31800D8A456 /* FireflyPrefs_Prefix.pch in Headers */,
				1061CA7B0A23A648002E88E0 /* OrgFireflyMediaServerPrefs.h in Headers */,
				10C78FE00A637CA900732D76 /* FireflyPrefsProtocol.h in Headers */,
				1062C6FB0A7554840003FC27 /* FireflyCommon.h in Headers */,
			);
			runOnlyForDeploymentPostprocessing = 0;
		};
/* End PBXHeadersBuildPhase section */

/* Begin PBXNativeTarget section */
		8D202CE80486D31800D8A456 /* Firefly */ = {
			isa = PBXNativeTarget;
			buildConfigurationList = 1DBD214808BA80EA00186707 /* Build configuration list for PBXNativeTarget "Firefly" */;
			buildPhases = (
				8D202CE90486D31800D8A456 /* Headers */,
				8D202CEC0486D31800D8A456 /* Resources */,
				8D202CF00486D31800D8A456 /* Sources */,
				8D202CF20486D31800D8A456 /* Frameworks */,
				8D202CF50486D31800D8A456 /* Rez */,
			);
			buildRules = (
			);
			dependencies = (
			);
			name = Firefly;
			productInstallPath = "$(HOME)/Library/PreferencePanes";
			productName = FireflyPrefs;
			productReference = 8D202CF80486D31800D8A456 /* Firefly.prefPane */;
			productType = "com.apple.product-type.bundle";
		};
/* End PBXNativeTarget section */

/* Begin PBXProject section */
		089C1669FE841209C02AAC07 /* Project object */ = {
			isa = PBXProject;
			buildConfigurationList = 1DBD214C08BA80EA00186707 /* Build configuration list for PBXProject "FireflyPrefs" */;
			buildSettings = {
			};
			buildStyles = (
				E455CEBA0B23ABEA00D81FFE /* Development */,
				E455CEBB0B23ABEA00D81FFE /* Deployment */,
			);
			hasScannedForEncodings = 1;
			knownRegions = (
				English,
				Japanese,
				French,
				German,
				Swedish,
				sv,
				Italian,
			);
			mainGroup = 089C166AFE841209C02AAC07 /* FireflyPrefs */;
			projectDirPath = "";
			targets = (
				8D202CE80486D31800D8A456 /* Firefly */,
			);
		};
/* End PBXProject section */

/* Begin PBXResourcesBuildPhase section */
		8D202CEC0486D31800D8A456 /* Resources */ = {
			isa = PBXResourcesBuildPhase;
			buildActionMask = 2147483647;
			files = (
				8D202CED0486D31800D8A456 /* InfoPlist.strings in Resources */,
				8D202CEE0486D31800D8A456 /* FireflyPrefsPref.tiff in Resources */,
				8D202CEF0486D31800D8A456 /* FireflyPrefsPref.nib in Resources */,
				1061CB530A266BAE002E88E0 /* FireflyLogo.png in Resources */,
				10C7930B0A660CCA00732D76 /* Firefly Helper.app in Resources */,
				1098819D0A704B3200F53ED9 /* firefly.conf in Resources */,
				E439B8040B23DF3A00597AF1 /* Localizable.strings in Resources */,
			);
			runOnlyForDeploymentPostprocessing = 0;
		};
/* End PBXResourcesBuildPhase section */

/* Begin PBXRezBuildPhase section */
		8D202CF50486D31800D8A456 /* Rez */ = {
			isa = PBXRezBuildPhase;
			buildActionMask = 2147483647;
			files = (
			);
			runOnlyForDeploymentPostprocessing = 0;
		};
/* End PBXRezBuildPhase section */

/* Begin PBXSourcesBuildPhase section */
		8D202CF00486D31800D8A456 /* Sources */ = {
			isa = PBXSourcesBuildPhase;
			buildActionMask = 2147483647;
			files = (
				10B4B4030A34E3A9008238B7 /* OrgFireflyMediaServerPrefs.m in Sources */,
			);
			runOnlyForDeploymentPostprocessing = 0;
		};
/* End PBXSourcesBuildPhase section */

/* Begin PBXVariantGroup section */
		089C167DFE841241C02AAC07 /* InfoPlist.strings */ = {
			isa = PBXVariantGroup;
			children = (
				089C167EFE841241C02AAC07 /* English */,
				E4CBBFA00B253B700071ED51 /* French */,
				E4BCD4730B269740009315B7 /* German */,
				E4BCD4740B269745009315B7 /* Swedish */,
				E4E741790B27E31E008281D7 /* Italian */,
			);
			name = InfoPlist.strings;
			sourceTree = "<group>";
		};
		E439B8020B23DF3A00597AF1 /* Localizable.strings */ = {
			isa = PBXVariantGroup;
			children = (
				E439B8030B23DF3A00597AF1 /* English */,
				E44062AC0B253BA3003ADD6D /* French */,
				E4BCD46F0B26970D009315B7 /* German */,
				E4BCD4700B269713009315B7 /* Swedish */,
				E4E7417F0B27E35A008281D7 /* Italian */,
			);
			name = Localizable.strings;
			sourceTree = "<group>";
		};
		F506C042013D9D8C01CA16C8 /* FireflyPrefsPref.nib */ = {
			isa = PBXVariantGroup;
			children = (
				F506C043013D9D8C01CA16C8 /* English */,
				E4CBBF9E0B253B190071ED51 /* French */,
				E4BCD4710B26972C009315B7 /* German */,
				E4BCD4720B269730009315B7 /* Swedish */,
				E4E7417D0B27E333008281D7 /* Italian */,
			);
			name = FireflyPrefsPref.nib;
			sourceTree = "<group>";
		};
/* End PBXVariantGroup section */

/* Begin XCBuildConfiguration section */
		1DBD214908BA80EA00186707 /* Debug */ = {
			isa = XCBuildConfiguration;
			buildSettings = {
				COPY_PHASE_STRIP = NO;
				GCC_DYNAMIC_NO_PIC = NO;
				GCC_ENABLE_FIX_AND_CONTINUE = YES;
				GCC_MODEL_TUNING = G5;
				GCC_OPTIMIZATION_LEVEL = 0;
				GCC_PRECOMPILE_PREFIX_HEADER = YES;
				GCC_PREFIX_HEADER = FireflyPrefs_Prefix.pch;
				INFOPLIST_FILE = Info.plist;
				INSTALL_PATH = "$(HOME)/Library/PreferencePanes";
				MACOSX_DEPLOYMENT_TARGET_ppc = 10.3;
				PRODUCT_NAME = Firefly;
				WRAPPER_EXTENSION = prefPane;
				ZERO_LINK = YES;
			};
			name = Debug;
		};
		1DBD214A08BA80EA00186707 /* Release */ = {
			isa = XCBuildConfiguration;
			buildSettings = {
				ARCHS = (
					ppc,
					i386,
				);
				GCC_GENERATE_DEBUGGING_SYMBOLS = NO;
				GCC_MODEL_TUNING = G5;
				GCC_PRECOMPILE_PREFIX_HEADER = YES;
				GCC_PREFIX_HEADER = FireflyPrefs_Prefix.pch;
				INFOPLIST_FILE = Info.plist;
				INSTALL_PATH = "$(HOME)/Library/PreferencePanes";
				MACOSX_DEPLOYMENT_TARGET_ppc = 10.3;
				PRODUCT_NAME = Firefly;
				SDKROOT_ppc = /Developer/SDKs/MacOSX10.3.9.sdk;
				WRAPPER_EXTENSION = prefPane;
			};
			name = Release;
		};
		1DBD214D08BA80EA00186707 /* Debug */ = {
			isa = XCBuildConfiguration;
			buildSettings = {
				GCC_ENABLE_OBJC_EXCEPTIONS = YES;
				GCC_VERSION_i386 = 4.0;
				GCC_VERSION_ppc = 3.3;
				GCC_WARN_ABOUT_RETURN_TYPE = YES;
				GCC_WARN_UNUSED_VARIABLE = YES;
				GENERATE_PKGINFO_FILE = YES;
				MACOSX_DEPLOYMENT_TARGET_i386 = 10.4;
				MACOSX_DEPLOYMENT_TARGET_ppc = 10.2;
				PREBINDING = NO;
				SDKROOT = /Developer/SDKs/MacOSX10.4u.sdk;
				SDKROOT_i386 = /Developer/SDKs/MacOSX10.4u.sdk;
				SDKROOT_ppc = /Developer/SDKs/MacOSX10.3.9.sdk;
			};
			name = Debug;
		};
		1DBD214E08BA80EA00186707 /* Release */ = {
			isa = XCBuildConfiguration;
			buildSettings = {
				GCC_ENABLE_OBJC_EXCEPTIONS = YES;
				GCC_VERSION_i386 = 4.0;
				GCC_VERSION_ppc = 3.3;
				GCC_WARN_ABOUT_RETURN_TYPE = YES;
				GCC_WARN_UNUSED_VARIABLE = YES;
				GENERATE_PKGINFO_FILE = YES;
				MACOSX_DEPLOYMENT_TARGET_i386 = 10.4;
				MACOSX_DEPLOYMENT_TARGET_ppc = 10.2;
				PREBINDING = NO;
				SDKROOT = /Developer/SDKs/MacOSX10.4u.sdk;
				SDKROOT_i386 = /Developer/SDKs/MacOSX10.4u.sdk;
				SDKROOT_ppc = /Developer/SDKs/MacOSX10.2.8.sdk;
			};
			name = Release;
		};
/* End XCBuildConfiguration section */

/* Begin XCConfigurationList section */
		1DBD214808BA80EA00186707 /* Build configuration list for PBXNativeTarget "Firefly" */ = {
			isa = XCConfigurationList;
			buildConfigurations = (
				1DBD214908BA80EA00186707 /* Debug */,
				1DBD214A08BA80EA00186707 /* Release */,
			);
			defaultConfigurationIsVisible = 0;
			defaultConfigurationName = Release;
		};
		1DBD214C08BA80EA00186707 /* Build configuration list for PBXProject "FireflyPrefs" */ = {
			isa = XCConfigurationList;
			buildConfigurations = (
				1DBD214D08BA80EA00186707 /* Debug */,
				1DBD214E08BA80EA00186707 /* Release */,
			);
			defaultConfigurationIsVisible = 0;
			defaultConfigurationName = Release;
		};
/* End XCConfigurationList section */
	};
	rootObject = 089C1669FE841209C02AAC07 /* Project object */;
}
